// !$*UTF8*$!
{
	archiveVersion = 1;
	classes = {
	};
	objectVersion = 50;
	objects = {

/* Begin PBXBuildFile section */
		26DF5A96250092E1000C0E0C /* AppDelegate.swift in Sources */ = {isa = PBXBuildFile; fileRef = 26DF5A95250092E1000C0E0C /* AppDelegate.swift */; };
		26DF5A98250092E1000C0E0C /* SceneDelegate.swift in Sources */ = {isa = PBXBuildFile; fileRef = 26DF5A97250092E1000C0E0C /* SceneDelegate.swift */; };
		26DF5A9A250092E1000C0E0C /* BatikViewController.swift in Sources */ = {isa = PBXBuildFile; fileRef = 26DF5A99250092E1000C0E0C /* BatikViewController.swift */; };
		26DF5A9D250092E1000C0E0C /* Main.storyboard in Resources */ = {isa = PBXBuildFile; fileRef = 26DF5A9B250092E1000C0E0C /* Main.storyboard */; };
		26DF5A9F250092E3000C0E0C /* Assets.xcassets in Resources */ = {isa = PBXBuildFile; fileRef = 26DF5A9E250092E3000C0E0C /* Assets.xcassets */; };
		26DF5AA2250092E3000C0E0C /* LaunchScreen.storyboard in Resources */ = {isa = PBXBuildFile; fileRef = 26DF5AA0250092E3000C0E0C /* LaunchScreen.storyboard */; };
		26DF5AAA2500C287000C0E0C /* BatikClassifier.mlmodel in Sources */ = {isa = PBXBuildFile; fileRef = 26DF5AA92500C287000C0E0C /* BatikClassifier.mlmodel */; };
		26DF5AAC2500CAE9000C0E0C /* ClassificationService.swift in Sources */ = {isa = PBXBuildFile; fileRef = 26DF5AAB2500CAE9000C0E0C /* ClassificationService.swift */; };
		26DF5AB525014799000C0E0C /* Batik.swift in Sources */ = {isa = PBXBuildFile; fileRef = 26DF5AB425014799000C0E0C /* Batik.swift */; };
		26DF5AB7250147F2000C0E0C /* Page.swift in Sources */ = {isa = PBXBuildFile; fileRef = 26DF5AB6250147F2000C0E0C /* Page.swift */; };
		26DF5AB92501495A000C0E0C /* Query.swift in Sources */ = {isa = PBXBuildFile; fileRef = 26DF5AB82501495A000C0E0C /* Query.swift */; };
		26DF5ABB250149EB000C0E0C /* NetworkService.swift in Sources */ = {isa = PBXBuildFile; fileRef = 26DF5ABA250149EB000C0E0C /* NetworkService.swift */; };
/* End PBXBuildFile section */

/* Begin PBXFileReference section */
		26DF5A92250092E1000C0E0C /* Ngecek.app */ = {isa = PBXFileReference; explicitFileType = wrapper.application; includeInIndex = 0; path = Ngecek.app; sourceTree = BUILT_PRODUCTS_DIR; };
		26DF5A95250092E1000C0E0C /* AppDelegate.swift */ = {isa = PBXFileReference; lastKnownFileType = sourcecode.swift; path = AppDelegate.swift; sourceTree = "<group>"; };
		26DF5A97250092E1000C0E0C /* SceneDelegate.swift */ = {isa = PBXFileReference; lastKnownFileType = sourcecode.swift; path = SceneDelegate.swift; sourceTree = "<group>"; };
		26DF5A99250092E1000C0E0C /* BatikViewController.swift */ = {isa = PBXFileReference; lastKnownFileType = sourcecode.swift; path = BatikViewController.swift; sourceTree = "<group>"; };
		26DF5A9C250092E1000C0E0C /* Base */ = {isa = PBXFileReference; lastKnownFileType = file.storyboard; name = Base; path = Base.lproj/Main.storyboard; sourceTree = "<group>"; };
		26DF5A9E250092E3000C0E0C /* Assets.xcassets */ = {isa = PBXFileReference; lastKnownFileType = folder.assetcatalog; path = Assets.xcassets; sourceTree = "<group>"; };
		26DF5AA1250092E3000C0E0C /* Base */ = {isa = PBXFileReference; lastKnownFileType = file.storyboard; name = Base; path = Base.lproj/LaunchScreen.storyboard; sourceTree = "<group>"; };
		26DF5AA3250092E3000C0E0C /* Info.plist */ = {isa = PBXFileReference; lastKnownFileType = text.plist.xml; path = Info.plist; sourceTree = "<group>"; };
		26DF5AA92500C287000C0E0C /* BatikClassifier.mlmodel */ = {isa = PBXFileReference; lastKnownFileType = file.mlmodel; path = BatikClassifier.mlmodel; sourceTree = "<group>"; };
		26DF5AAB2500CAE9000C0E0C /* ClassificationService.swift */ = {isa = PBXFileReference; lastKnownFileType = sourcecode.swift; path = ClassificationService.swift; sourceTree = "<group>"; };
		26DF5AB425014799000C0E0C /* Batik.swift */ = {isa = PBXFileReference; lastKnownFileType = sourcecode.swift; path = Batik.swift; sourceTree = "<group>"; };
		26DF5AB6250147F2000C0E0C /* Page.swift */ = {isa = PBXFileReference; lastKnownFileType = sourcecode.swift; path = Page.swift; sourceTree = "<group>"; };
		26DF5AB82501495A000C0E0C /* Query.swift */ = {isa = PBXFileReference; lastKnownFileType = sourcecode.swift; path = Query.swift; sourceTree = "<group>"; };
		26DF5ABA250149EB000C0E0C /* NetworkService.swift */ = {isa = PBXFileReference; lastKnownFileType = sourcecode.swift; path = NetworkService.swift; sourceTree = "<group>"; };
/* End PBXFileReference section */

/* Begin PBXFrameworksBuildPhase section */
		26DF5A8F250092E1000C0E0C /* Frameworks */ = {
			isa = PBXFrameworksBuildPhase;
			buildActionMask = 2147483647;
			files = (
			);
			runOnlyForDeploymentPostprocessing = 0;
		};
/* End PBXFrameworksBuildPhase section */

/* Begin PBXGroup section */
		26DF5A89250092E1000C0E0C = {
			isa = PBXGroup;
			children = (
				26DF5A94250092E1000C0E0C /* Ngecek */,
				26DF5A93250092E1000C0E0C /* Products */,
			);
			sourceTree = "<group>";
		};
		26DF5A93250092E1000C0E0C /* Products */ = {
			isa = PBXGroup;
			children = (
				26DF5A92250092E1000C0E0C /* Ngecek.app */,
			);
			name = Products;
			sourceTree = "<group>";
		};
		26DF5A94250092E1000C0E0C /* Ngecek */ = {
			isa = PBXGroup;
			children = (
				26DF5AB0250133E6000C0E0C /* Supporting Files */,
				26DF5AB1250133F6000C0E0C /* Services */,
				26DF5AAD250133BC000C0E0C /* Models */,
				26DF5AAE250133C8000C0E0C /* Views */,
				26DF5AAF250133D7000C0E0C /* Controllers */,
				26DF5AA3250092E3000C0E0C /* Info.plist */,
			);
			path = Ngecek;
			sourceTree = "<group>";
		};
		26DF5AAD250133BC000C0E0C /* Models */ = {
			isa = PBXGroup;
			children = (
				26DF5AB425014799000C0E0C /* Batik.swift */,
				26DF5AB82501495A000C0E0C /* Query.swift */,
				26DF5AB6250147F2000C0E0C /* Page.swift */,
			);
			path = Models;
			sourceTree = "<group>";
		};
		26DF5AAE250133C8000C0E0C /* Views */ = {
			isa = PBXGroup;
			children = (
				26DF5A9B250092E1000C0E0C /* Main.storyboard */,
				26DF5AA0250092E3000C0E0C /* LaunchScreen.storyboard */,
			);
			path = Views;
			sourceTree = "<group>";
		};
		26DF5AAF250133D7000C0E0C /* Controllers */ = {
			isa = PBXGroup;
			children = (
				26DF5A99250092E1000C0E0C /* BatikViewController.swift */,
			);
			path = Controllers;
			sourceTree = "<group>";
		};
		26DF5AB0250133E6000C0E0C /* Supporting Files */ = {
			isa = PBXGroup;
			children = (
				26DF5A95250092E1000C0E0C /* AppDelegate.swift */,
				26DF5A97250092E1000C0E0C /* SceneDelegate.swift */,
				26DF5A9E250092E3000C0E0C /* Assets.xcassets */,
			);
			path = "Supporting Files";
			sourceTree = "<group>";
		};
		26DF5AB1250133F6000C0E0C /* Services */ = {
			isa = PBXGroup;
			children = (
				26DF5AAB2500CAE9000C0E0C /* ClassificationService.swift */,
				26DF5ABA250149EB000C0E0C /* NetworkService.swift */,
				26DF5AA92500C287000C0E0C /* BatikClassifier.mlmodel */,
			);
			path = Services;
			sourceTree = "<group>";
		};
/* End PBXGroup section */

/* Begin PBXNativeTarget section */
		26DF5A91250092E1000C0E0C /* Ngecek */ = {
			isa = PBXNativeTarget;
			buildConfigurationList = 26DF5AA6250092E3000C0E0C /* Build configuration list for PBXNativeTarget "Ngecek" */;
			buildPhases = (
				26DF5A8E250092E1000C0E0C /* Sources */,
				26DF5A8F250092E1000C0E0C /* Frameworks */,
				26DF5A90250092E1000C0E0C /* Resources */,
			);
			buildRules = (
			);
			dependencies = (
			);
			name = Ngecek;
			productName = Ngecek;
			productReference = 26DF5A92250092E1000C0E0C /* Ngecek.app */;
			productType = "com.apple.product-type.application";
		};
/* End PBXNativeTarget section */

/* Begin PBXProject section */
		26DF5A8A250092E1000C0E0C /* Project object */ = {
			isa = PBXProject;
			attributes = {
				LastSwiftUpdateCheck = 1160;
				LastUpgradeCheck = 1160;
				ORGANIZATIONNAME = "Wendy Kurniawan";
				TargetAttributes = {
					26DF5A91250092E1000C0E0C = {
						CreatedOnToolsVersion = 11.6;
					};
				};
			};
			buildConfigurationList = 26DF5A8D250092E1000C0E0C /* Build configuration list for PBXProject "Ngecek" */;
			compatibilityVersion = "Xcode 9.3";
			developmentRegion = en;
			hasScannedForEncodings = 0;
			knownRegions = (
				en,
				Base,
			);
			mainGroup = 26DF5A89250092E1000C0E0C;
			productRefGroup = 26DF5A93250092E1000C0E0C /* Products */;
			projectDirPath = "";
			projectRoot = "";
			targets = (
				26DF5A91250092E1000C0E0C /* Ngecek */,
			);
		};
/* End PBXProject section */

/* Begin PBXResourcesBuildPhase section */
		26DF5A90250092E1000C0E0C /* Resources */ = {
			isa = PBXResourcesBuildPhase;
			buildActionMask = 2147483647;
			files = (
				26DF5AA2250092E3000C0E0C /* LaunchScreen.storyboard in Resources */,
				26DF5A9F250092E3000C0E0C /* Assets.xcassets in Resources */,
				26DF5A9D250092E1000C0E0C /* Main.storyboard in Resources */,
			);
			runOnlyForDeploymentPostprocessing = 0;
		};
/* End PBXResourcesBuildPhase section */

/* Begin PBXSourcesBuildPhase section */
		26DF5A8E250092E1000C0E0C /* Sources */ = {
			isa = PBXSourcesBuildPhase;
			buildActionMask = 2147483647;
			files = (
				26DF5A9A250092E1000C0E0C /* BatikViewController.swift in Sources */,
				26DF5AAC2500CAE9000C0E0C /* ClassificationService.swift in Sources */,
				26DF5A96250092E1000C0E0C /* AppDelegate.swift in Sources */,
				26DF5A98250092E1000C0E0C /* SceneDelegate.swift in Sources */,
				26DF5ABB250149EB000C0E0C /* NetworkService.swift in Sources */,
				26DF5AB92501495A000C0E0C /* Query.swift in Sources */,
				26DF5AB7250147F2000C0E0C /* Page.swift in Sources */,
				26DF5AAA2500C287000C0E0C /* BatikClassifier.mlmodel in Sources */,
				26DF5AB525014799000C0E0C /* Batik.swift in Sources */,
			);
			runOnlyForDeploymentPostprocessing = 0;
		};
/* End PBXSourcesBuildPhase section */

/* Begin PBXVariantGroup section */
		26DF5A9B250092E1000C0E0C /* Main.storyboard */ = {
			isa = PBXVariantGroup;
			children = (
				26DF5A9C250092E1000C0E0C /* Base */,
			);
			name = Main.storyboard;
			sourceTree = "<group>";
		};
		26DF5AA0250092E3000C0E0C /* LaunchScreen.storyboard */ = {
			isa = PBXVariantGroup;
			children = (
				26DF5AA1250092E3000C0E0C /* Base */,
			);
			name = LaunchScreen.storyboard;
			sourceTree = "<group>";
		};
/* End PBXVariantGroup section */

/* Begin XCBuildConfiguration section */
		26DF5AA4250092E3000C0E0C /* Debug */ = {
			isa = XCBuildConfiguration;
			buildSettings = {
				ALWAYS_SEARCH_USER_PATHS = NO;
				CLANG_ANALYZER_NONNULL = YES;
				CLANG_ANALYZER_NUMBER_OBJECT_CONVERSION = YES_AGGRESSIVE;
				CLANG_CXX_LANGUAGE_STANDARD = "gnu++14";
				CLANG_CXX_LIBRARY = "libc++";
				CLANG_ENABLE_MODULES = YES;
				CLANG_ENABLE_OBJC_ARC = YES;
				CLANG_ENABLE_OBJC_WEAK = YES;
				CLANG_WARN_BLOCK_CAPTURE_AUTORELEASING = YES;
				CLANG_WARN_BOOL_CONVERSION = YES;
				CLANG_WARN_COMMA = YES;
				CLANG_WARN_CONSTANT_CONVERSION = YES;
				CLANG_WARN_DEPRECATED_OBJC_IMPLEMENTATIONS = YES;
				CLANG_WARN_DIRECT_OBJC_ISA_USAGE = YES_ERROR;
				CLANG_WARN_DOCUMENTATION_COMMENTS = YES;
				CLANG_WARN_EMPTY_BODY = YES;
				CLANG_WARN_ENUM_CONVERSION = YES;
				CLANG_WARN_INFINITE_RECURSION = YES;
				CLANG_WARN_INT_CONVERSION = YES;
				CLANG_WARN_NON_LITERAL_NULL_CONVERSION = YES;
				CLANG_WARN_OBJC_IMPLICIT_RETAIN_SELF = YES;
				CLANG_WARN_OBJC_LITERAL_CONVERSION = YES;
				CLANG_WARN_OBJC_ROOT_CLASS = YES_ERROR;
				CLANG_WARN_RANGE_LOOP_ANALYSIS = YES;
				CLANG_WARN_STRICT_PROTOTYPES = YES;
				CLANG_WARN_SUSPICIOUS_MOVE = YES;
				CLANG_WARN_UNGUARDED_AVAILABILITY = YES_AGGRESSIVE;
				CLANG_WARN_UNREACHABLE_CODE = YES;
				CLANG_WARN__DUPLICATE_METHOD_MATCH = YES;
				COPY_PHASE_STRIP = NO;
				DEBUG_INFORMATION_FORMAT = dwarf;
				ENABLE_STRICT_OBJC_MSGSEND = YES;
				ENABLE_TESTABILITY = YES;
				GCC_C_LANGUAGE_STANDARD = gnu11;
				GCC_DYNAMIC_NO_PIC = NO;
				GCC_NO_COMMON_BLOCKS = YES;
				GCC_OPTIMIZATION_LEVEL = 0;
				GCC_PREPROCESSOR_DEFINITIONS = (
					"DEBUG=1",
					"$(inherited)",
				);
				GCC_WARN_64_TO_32_BIT_CONVERSION = YES;
				GCC_WARN_ABOUT_RETURN_TYPE = YES_ERROR;
				GCC_WARN_UNDECLARED_SELECTOR = YES;
				GCC_WARN_UNINITIALIZED_AUTOS = YES_AGGRESSIVE;
				GCC_WARN_UNUSED_FUNCTION = YES;
				GCC_WARN_UNUSED_VARIABLE = YES;
				IPHONEOS_DEPLOYMENT_TARGET = 13.6;
				MTL_ENABLE_DEBUG_INFO = INCLUDE_SOURCE;
				MTL_FAST_MATH = YES;
				ONLY_ACTIVE_ARCH = YES;
				SDKROOT = iphoneos;
				SWIFT_ACTIVE_COMPILATION_CONDITIONS = DEBUG;
				SWIFT_OPTIMIZATION_LEVEL = "-Onone";
			};
			name = Debug;
		};
		26DF5AA5250092E3000C0E0C /* Release */ = {
			isa = XCBuildConfiguration;
			buildSettings = {
				ALWAYS_SEARCH_USER_PATHS = NO;
				CLANG_ANALYZER_NONNULL = YES;
				CLANG_ANALYZER_NUMBER_OBJECT_CONVERSION = YES_AGGRESSIVE;
				CLANG_CXX_LANGUAGE_STANDARD = "gnu++14";
				CLANG_CXX_LIBRARY = "libc++";
				CLANG_ENABLE_MODULES = YES;
				CLANG_ENABLE_OBJC_ARC = YES;
				CLANG_ENABLE_OBJC_WEAK = YES;
				CLANG_WARN_BLOCK_CAPTURE_AUTORELEASING = YES;
				CLANG_WARN_BOOL_CONVERSION = YES;
				CLANG_WARN_COMMA = YES;
				CLANG_WARN_CONSTANT_CONVERSION = YES;
				CLANG_WARN_DEPRECATED_OBJC_IMPLEMENTATIONS = YES;
				CLANG_WARN_DIRECT_OBJC_ISA_USAGE = YES_ERROR;
				CLANG_WARN_DOCUMENTATION_COMMENTS = YES;
				CLANG_WARN_EMPTY_BODY = YES;
				CLANG_WARN_ENUM_CONVERSION = YES;
				CLANG_WARN_INFINITE_RECURSION = YES;
				CLANG_WARN_INT_CONVERSION = YES;
				CLANG_WARN_NON_LITERAL_NULL_CONVERSION = YES;
				CLANG_WARN_OBJC_IMPLICIT_RETAIN_SELF = YES;
				CLANG_WARN_OBJC_LITERAL_CONVERSION = YES;
				CLANG_WARN_OBJC_ROOT_CLASS = YES_ERROR;
				CLANG_WARN_RANGE_LOOP_ANALYSIS = YES;
				CLANG_WARN_STRICT_PROTOTYPES = YES;
				CLANG_WARN_SUSPICIOUS_MOVE = YES;
				CLANG_WARN_UNGUARDED_AVAILABILITY = YES_AGGRESSIVE;
				CLANG_WARN_UNREACHABLE_CODE = YES;
				CLANG_WARN__DUPLICATE_METHOD_MATCH = YES;
				COPY_PHASE_STRIP = NO;
				DEBUG_INFORMATION_FORMAT = "dwarf-with-dsym";
				ENABLE_NS_ASSERTIONS = NO;
				ENABLE_STRICT_OBJC_MSGSEND = YES;
				GCC_C_LANGUAGE_STANDARD = gnu11;
				GCC_NO_COMMON_BLOCKS = YES;
				GCC_WARN_64_TO_32_BIT_CONVERSION = YES;
				GCC_WARN_ABOUT_RETURN_TYPE = YES_ERROR;
				GCC_WARN_UNDECLARED_SELECTOR = YES;
				GCC_WARN_UNINITIALIZED_AUTOS = YES_AGGRESSIVE;
				GCC_WARN_UNUSED_FUNCTION = YES;
				GCC_WARN_UNUSED_VARIABLE = YES;
				IPHONEOS_DEPLOYMENT_TARGET = 13.6;
				MTL_ENABLE_DEBUG_INFO = NO;
				MTL_FAST_MATH = YES;
				SDKROOT = iphoneos;
				SWIFT_COMPILATION_MODE = wholemodule;
				SWIFT_OPTIMIZATION_LEVEL = "-O";
				VALIDATE_PRODUCT = YES;
			};
			name = Release;
		};
		26DF5AA7250092E3000C0E0C /* Debug */ = {
			isa = XCBuildConfiguration;
			buildSettings = {
				ASSETCATALOG_COMPILER_APPICON_NAME = AppIcon;
				CODE_SIGN_STYLE = Automatic;
				DEVELOPMENT_TEAM = HA727BMPYK;
				INFOPLIST_FILE = Ngecek/Info.plist;
				LD_RUNPATH_SEARCH_PATHS = (
					"$(inherited)",
					"@executable_path/Frameworks",
				);
				PRODUCT_BUNDLE_IDENTIFIER = com.wendykurniawan.Ngecek;
				PRODUCT_NAME = "$(TARGET_NAME)";
				SWIFT_VERSION = 5.0;
				TARGETED_DEVICE_FAMILY = "1,2";
			};
			name = Debug;
		};
		26DF5AA8250092E3000C0E0C /* Release */ = {
			isa = XCBuildConfiguration;
			buildSettings = {
				ASSETCATALOG_COMPILER_APPICON_NAME = AppIcon;
				CODE_SIGN_STYLE = Automatic;
				DEVELOPMENT_TEAM = HA727BMPYK;
				INFOPLIST_FILE = Ngecek/Info.plist;
				LD_RUNPATH_SEARCH_PATHS = (
					"$(inherited)",
					"@executable_path/Frameworks",
				);
				PRODUCT_BUNDLE_IDENTIFIER = com.wendykurniawan.Ngecek;
				PRODUCT_NAME = "$(TARGET_NAME)";
				SWIFT_VERSION = 5.0;
				TARGETED_DEVICE_FAMILY = "1,2";
			};
			name = Release;
		};
/* End XCBuildConfiguration section */

/* Begin XCConfigurationList section */
		26DF5A8D250092E1000C0E0C /* Build configuration list for PBXProject "Ngecek" */ = {
			isa = XCConfigurationList;
			buildConfigurations = (
				26DF5AA4250092E3000C0E0C /* Debug */,
				26DF5AA5250092E3000C0E0C /* Release */,
			);
			defaultConfigurationIsVisible = 0;
			defaultConfigurationName = Release;
		};
		26DF5AA6250092E3000C0E0C /* Build configuration list for PBXNativeTarget "Ngecek" */ = {
			isa = XCConfigurationList;
			buildConfigurations = (
				26DF5AA7250092E3000C0E0C /* Debug */,
				26DF5AA8250092E3000C0E0C /* Release */,
			);
			defaultConfigurationIsVisible = 0;
			defaultConfigurationName = Release;
		};
/* End XCConfigurationList section */
	};
	rootObject = 26DF5A8A250092E1000C0E0C /* Project object */;
}
